// !$*UTF8*$!
{
	archiveVersion = 1;
	classes = {
	};
	objectVersion = 50;
	objects = {

/* Begin PBXBuildFile section */
		D45687D9226FFE5800AD57FB /* AppDelegate.swift in Sources */ = {isa = PBXBuildFile; fileRef = D45687D8226FFE5800AD57FB /* AppDelegate.swift */; };
		D45687DB226FFE5800AD57FB /* ViewController.swift in Sources */ = {isa = PBXBuildFile; fileRef = D45687DA226FFE5800AD57FB /* ViewController.swift */; };
		D45687DE226FFE5800AD57FB /* Main.storyboard in Resources */ = {isa = PBXBuildFile; fileRef = D45687DC226FFE5800AD57FB /* Main.storyboard */; };
		D45687E0226FFE5E00AD57FB /* Assets.xcassets in Resources */ = {isa = PBXBuildFile; fileRef = D45687DF226FFE5E00AD57FB /* Assets.xcassets */; };
		D45687E3226FFE5E00AD57FB /* LaunchScreen.storyboard in Resources */ = {isa = PBXBuildFile; fileRef = D45687E1226FFE5E00AD57FB /* LaunchScreen.storyboard */; };
		D45687EE226FFE5E00AD57FB /* CustomCells_DemoTests.swift in Sources */ = {isa = PBXBuildFile; fileRef = D45687ED226FFE5E00AD57FB /* CustomCells_DemoTests.swift */; };
		D45687F9226FFE5E00AD57FB /* CustomCells_DemoUITests.swift in Sources */ = {isa = PBXBuildFile; fileRef = D45687F8226FFE5E00AD57FB /* CustomCells_DemoUITests.swift */; };
		D4568808226FFEC800AD57FB /* MoviesDataSource.swift in Sources */ = {isa = PBXBuildFile; fileRef = D4568806226FFEC800AD57FB /* MoviesDataSource.swift */; };
		D4568809226FFEC800AD57FB /* MoviesDataSource.swift in Sources */ = {isa = PBXBuildFile; fileRef = D4568806226FFEC800AD57FB /* MoviesDataSource.swift */; };
		D456880A226FFEC800AD57FB /* MoviesDataSource.swift in Sources */ = {isa = PBXBuildFile; fileRef = D4568806226FFEC800AD57FB /* MoviesDataSource.swift */; };
		D456880B226FFEC800AD57FB /* Movie.swift in Sources */ = {isa = PBXBuildFile; fileRef = D4568807226FFEC800AD57FB /* Movie.swift */; };
		D456880C226FFEC800AD57FB /* Movie.swift in Sources */ = {isa = PBXBuildFile; fileRef = D4568807226FFEC800AD57FB /* Movie.swift */; };
		D456880D226FFEC800AD57FB /* Movie.swift in Sources */ = {isa = PBXBuildFile; fileRef = D4568807226FFEC800AD57FB /* Movie.swift */; };
		D4568810226FFED200AD57FB /* MovieCell.swift in Sources */ = {isa = PBXBuildFile; fileRef = D456880E226FFED200AD57FB /* MovieCell.swift */; };
		D4568811226FFED200AD57FB /* MovieCell.swift in Sources */ = {isa = PBXBuildFile; fileRef = D456880E226FFED200AD57FB /* MovieCell.swift */; };
		D4568812226FFED200AD57FB /* MovieCell.swift in Sources */ = {isa = PBXBuildFile; fileRef = D456880E226FFED200AD57FB /* MovieCell.swift */; };
		D4568813226FFED200AD57FB /* MovieCell.xib in Resources */ = {isa = PBXBuildFile; fileRef = D456880F226FFED200AD57FB /* MovieCell.xib */; };
		D4568814226FFED200AD57FB /* MovieCell.xib in Resources */ = {isa = PBXBuildFile; fileRef = D456880F226FFED200AD57FB /* MovieCell.xib */; };
		D4568815226FFED200AD57FB /* MovieCell.xib in Resources */ = {isa = PBXBuildFile; fileRef = D456880F226FFED200AD57FB /* MovieCell.xib */; };
		D4568817227000BA00AD57FB /* MovieListViewController.swift in Sources */ = {isa = PBXBuildFile; fileRef = D4568816227000BA00AD57FB /* MovieListViewController.swift */; };
		D4568818227000BA00AD57FB /* MovieListViewController.swift in Sources */ = {isa = PBXBuildFile; fileRef = D4568816227000BA00AD57FB /* MovieListViewController.swift */; };
		D4568819227000BA00AD57FB /* MovieListViewController.swift in Sources */ = {isa = PBXBuildFile; fileRef = D4568816227000BA00AD57FB /* MovieListViewController.swift */; };
		D456881B2270038A00AD57FB /* MovieCellWitOutXIB.swift in Sources */ = {isa = PBXBuildFile; fileRef = D456881A2270038A00AD57FB /* MovieCellWitOutXIB.swift */; };
		D456881C2270038A00AD57FB /* MovieCellWitOutXIB.swift in Sources */ = {isa = PBXBuildFile; fileRef = D456881A2270038A00AD57FB /* MovieCellWitOutXIB.swift */; };
		D456881D2270038A00AD57FB /* MovieCellWitOutXIB.swift in Sources */ = {isa = PBXBuildFile; fileRef = D456881A2270038A00AD57FB /* MovieCellWitOutXIB.swift */; };
		D456881F22700CB200AD57FB /* Extension.swift in Sources */ = {isa = PBXBuildFile; fileRef = D456881E22700CB200AD57FB /* Extension.swift */; };
		D456882022700CB200AD57FB /* Extension.swift in Sources */ = {isa = PBXBuildFile; fileRef = D456881E22700CB200AD57FB /* Extension.swift */; };
		D456882122700CB200AD57FB /* Extension.swift in Sources */ = {isa = PBXBuildFile; fileRef = D456881E22700CB200AD57FB /* Extension.swift */; };
/* End PBXBuildFile section */

/* Begin PBXContainerItemProxy section */
		D45687EA226FFE5E00AD57FB /* PBXContainerItemProxy */ = {
			isa = PBXContainerItemProxy;
			containerPortal = D45687CD226FFE5800AD57FB /* Project object */;
			proxyType = 1;
			remoteGlobalIDString = D45687D4226FFE5800AD57FB;
			remoteInfo = "CustomCells Demo";
		};
		D45687F5226FFE5E00AD57FB /* PBXContainerItemProxy */ = {
			isa = PBXContainerItemProxy;
			containerPortal = D45687CD226FFE5800AD57FB /* Project object */;
			proxyType = 1;
			remoteGlobalIDString = D45687D4226FFE5800AD57FB;
			remoteInfo = "CustomCells Demo";
		};
/* End PBXContainerItemProxy section */

/* Begin PBXFileReference section */
		D45687D5226FFE5800AD57FB /* CustomCells Demo.app */ = {isa = PBXFileReference; explicitFileType = wrapper.application; includeInIndex = 0; path = "CustomCells Demo.app"; sourceTree = BUILT_PRODUCTS_DIR; };
		D45687D8226FFE5800AD57FB /* AppDelegate.swift */ = {isa = PBXFileReference; lastKnownFileType = sourcecode.swift; path = AppDelegate.swift; sourceTree = "<group>"; };
		D45687DA226FFE5800AD57FB /* ViewController.swift */ = {isa = PBXFileReference; lastKnownFileType = sourcecode.swift; path = ViewController.swift; sourceTree = "<group>"; };
		D45687DD226FFE5800AD57FB /* Base */ = {isa = PBXFileReference; lastKnownFileType = file.storyboard; name = Base; path = Base.lproj/Main.storyboard; sourceTree = "<group>"; };
		D45687DF226FFE5E00AD57FB /* Assets.xcassets */ = {isa = PBXFileReference; lastKnownFileType = folder.assetcatalog; path = Assets.xcassets; sourceTree = "<group>"; };
		D45687E2226FFE5E00AD57FB /* Base */ = {isa = PBXFileReference; lastKnownFileType = file.storyboard; name = Base; path = Base.lproj/LaunchScreen.storyboard; sourceTree = "<group>"; };
		D45687E4226FFE5E00AD57FB /* Info.plist */ = {isa = PBXFileReference; lastKnownFileType = text.plist.xml; path = Info.plist; sourceTree = "<group>"; };
		D45687E9226FFE5E00AD57FB /* CustomCells DemoTests.xctest */ = {isa = PBXFileReference; explicitFileType = wrapper.cfbundle; includeInIndex = 0; path = "CustomCells DemoTests.xctest"; sourceTree = BUILT_PRODUCTS_DIR; };
		D45687ED226FFE5E00AD57FB /* CustomCells_DemoTests.swift */ = {isa = PBXFileReference; lastKnownFileType = sourcecode.swift; path = CustomCells_DemoTests.swift; sourceTree = "<group>"; };
		D45687EF226FFE5E00AD57FB /* Info.plist */ = {isa = PBXFileReference; lastKnownFileType = text.plist.xml; path = Info.plist; sourceTree = "<group>"; };
		D45687F4226FFE5E00AD57FB /* CustomCells DemoUITests.xctest */ = {isa = PBXFileReference; explicitFileType = wrapper.cfbundle; includeInIndex = 0; path = "CustomCells DemoUITests.xctest"; sourceTree = BUILT_PRODUCTS_DIR; };
		D45687F8226FFE5E00AD57FB /* CustomCells_DemoUITests.swift */ = {isa = PBXFileReference; lastKnownFileType = sourcecode.swift; path = CustomCells_DemoUITests.swift; sourceTree = "<group>"; };
		D45687FA226FFE5E00AD57FB /* Info.plist */ = {isa = PBXFileReference; lastKnownFileType = text.plist.xml; path = Info.plist; sourceTree = "<group>"; };
		D4568806226FFEC800AD57FB /* MoviesDataSource.swift */ = {isa = PBXFileReference; fileEncoding = 4; lastKnownFileType = sourcecode.swift; path = MoviesDataSource.swift; sourceTree = "<group>"; };
		D4568807226FFEC800AD57FB /* Movie.swift */ = {isa = PBXFileReference; fileEncoding = 4; lastKnownFileType = sourcecode.swift; path = Movie.swift; sourceTree = "<group>"; };
		D456880E226FFED200AD57FB /* MovieCell.swift */ = {isa = PBXFileReference; fileEncoding = 4; lastKnownFileType = sourcecode.swift; path = MovieCell.swift; sourceTree = "<group>"; };
		D456880F226FFED200AD57FB /* MovieCell.xib */ = {isa = PBXFileReference; fileEncoding = 4; lastKnownFileType = file.xib; path = MovieCell.xib; sourceTree = "<group>"; };
		D4568816227000BA00AD57FB /* MovieListViewController.swift */ = {isa = PBXFileReference; lastKnownFileType = sourcecode.swift; path = MovieListViewController.swift; sourceTree = "<group>"; };
		D456881A2270038A00AD57FB /* MovieCellWitOutXIB.swift */ = {isa = PBXFileReference; lastKnownFileType = sourcecode.swift; path = MovieCellWitOutXIB.swift; sourceTree = "<group>"; };
		D456881E22700CB200AD57FB /* Extension.swift */ = {isa = PBXFileReference; fileEncoding = 4; lastKnownFileType = sourcecode.swift; path = Extension.swift; sourceTree = "<group>"; };
/* End PBXFileReference section */

/* Begin PBXFrameworksBuildPhase section */
		D45687D2226FFE5800AD57FB /* Frameworks */ = {
			isa = PBXFrameworksBuildPhase;
			buildActionMask = 2147483647;
			files = (
			);
			runOnlyForDeploymentPostprocessing = 0;
		};
		D45687E6226FFE5E00AD57FB /* Frameworks */ = {
			isa = PBXFrameworksBuildPhase;
			buildActionMask = 2147483647;
			files = (
			);
			runOnlyForDeploymentPostprocessing = 0;
		};
		D45687F1226FFE5E00AD57FB /* Frameworks */ = {
			isa = PBXFrameworksBuildPhase;
			buildActionMask = 2147483647;
			files = (
			);
			runOnlyForDeploymentPostprocessing = 0;
		};
/* End PBXFrameworksBuildPhase section */

/* Begin PBXGroup section */
		D45687CC226FFE5800AD57FB = {
			isa = PBXGroup;
			children = (
				D45687D7226FFE5800AD57FB /* CustomCells Demo */,
				D45687EC226FFE5E00AD57FB /* CustomCells DemoTests */,
				D45687F7226FFE5E00AD57FB /* CustomCells DemoUITests */,
				D45687D6226FFE5800AD57FB /* Products */,
			);
			sourceTree = "<group>";
		};
		D45687D6226FFE5800AD57FB /* Products */ = {
			isa = PBXGroup;
			children = (
				D45687D5226FFE5800AD57FB /* CustomCells Demo.app */,
				D45687E9226FFE5E00AD57FB /* CustomCells DemoTests.xctest */,
				D45687F4226FFE5E00AD57FB /* CustomCells DemoUITests.xctest */,
			);
			name = Products;
			sourceTree = "<group>";
		};
		D45687D7226FFE5800AD57FB /* CustomCells Demo */ = {
			isa = PBXGroup;
			children = (
				D456881E22700CB200AD57FB /* Extension.swift */,
				D456881A2270038A00AD57FB /* MovieCellWitOutXIB.swift */,
				D456880E226FFED200AD57FB /* MovieCell.swift */,
				D456880F226FFED200AD57FB /* MovieCell.xib */,
				D4568807226FFEC800AD57FB /* Movie.swift */,
				D4568806226FFEC800AD57FB /* MoviesDataSource.swift */,
				D45687D8226FFE5800AD57FB /* AppDelegate.swift */,
				D45687DA226FFE5800AD57FB /* ViewController.swift */,
				D4568816227000BA00AD57FB /* MovieListViewController.swift */,
				D45687DC226FFE5800AD57FB /* Main.storyboard */,
				D45687DF226FFE5E00AD57FB /* Assets.xcassets */,
				D45687E1226FFE5E00AD57FB /* LaunchScreen.storyboard */,
				D45687E4226FFE5E00AD57FB /* Info.plist */,
			);
			path = "CustomCells Demo";
			sourceTree = "<group>";
		};
		D45687EC226FFE5E00AD57FB /* CustomCells DemoTests */ = {
			isa = PBXGroup;
			children = (
				D45687ED226FFE5E00AD57FB /* CustomCells_DemoTests.swift */,
				D45687EF226FFE5E00AD57FB /* Info.plist */,
			);
			path = "CustomCells DemoTests";
			sourceTree = "<group>";
		};
		D45687F7226FFE5E00AD57FB /* CustomCells DemoUITests */ = {
			isa = PBXGroup;
			children = (
				D45687F8226FFE5E00AD57FB /* CustomCells_DemoUITests.swift */,
				D45687FA226FFE5E00AD57FB /* Info.plist */,
			);
			path = "CustomCells DemoUITests";
			sourceTree = "<group>";
		};
/* End PBXGroup section */

/* Begin PBXNativeTarget section */
		D45687D4226FFE5800AD57FB /* CustomCells Demo */ = {
			isa = PBXNativeTarget;
			buildConfigurationList = D45687FD226FFE5E00AD57FB /* Build configuration list for PBXNativeTarget "CustomCells Demo" */;
			buildPhases = (
				D45687D1226FFE5800AD57FB /* Sources */,
				D45687D2226FFE5800AD57FB /* Frameworks */,
				D45687D3226FFE5800AD57FB /* Resources */,
			);
			buildRules = (
			);
			dependencies = (
			);
			name = "CustomCells Demo";
			productName = "CustomCells Demo";
			productReference = D45687D5226FFE5800AD57FB /* CustomCells Demo.app */;
			productType = "com.apple.product-type.application";
		};
		D45687E8226FFE5E00AD57FB /* CustomCells DemoTests */ = {
			isa = PBXNativeTarget;
			buildConfigurationList = D4568800226FFE5E00AD57FB /* Build configuration list for PBXNativeTarget "CustomCells DemoTests" */;
			buildPhases = (
				D45687E5226FFE5E00AD57FB /* Sources */,
				D45687E6226FFE5E00AD57FB /* Frameworks */,
				D45687E7226FFE5E00AD57FB /* Resources */,
			);
			buildRules = (
			);
			dependencies = (
				D45687EB226FFE5E00AD57FB /* PBXTargetDependency */,
			);
			name = "CustomCells DemoTests";
			productName = "CustomCells DemoTests";
			productReference = D45687E9226FFE5E00AD57FB /* CustomCells DemoTests.xctest */;
			productType = "com.apple.product-type.bundle.unit-test";
		};
		D45687F3226FFE5E00AD57FB /* CustomCells DemoUITests */ = {
			isa = PBXNativeTarget;
			buildConfigurationList = D4568803226FFE5E00AD57FB /* Build configuration list for PBXNativeTarget "CustomCells DemoUITests" */;
			buildPhases = (
				D45687F0226FFE5E00AD57FB /* Sources */,
				D45687F1226FFE5E00AD57FB /* Frameworks */,
				D45687F2226FFE5E00AD57FB /* Resources */,
			);
			buildRules = (
			);
			dependencies = (
				D45687F6226FFE5E00AD57FB /* PBXTargetDependency */,
			);
			name = "CustomCells DemoUITests";
			productName = "CustomCells DemoUITests";
			productReference = D45687F4226FFE5E00AD57FB /* CustomCells DemoUITests.xctest */;
			productType = "com.apple.product-type.bundle.ui-testing";
		};
/* End PBXNativeTarget section */

/* Begin PBXProject section */
		D45687CD226FFE5800AD57FB /* Project object */ = {
			isa = PBXProject;
			attributes = {
				LastSwiftUpdateCheck = 1010;
				LastUpgradeCheck = 1010;
				ORGANIZATIONNAME = "Pawan Kumar";
				TargetAttributes = {
					D45687D4226FFE5800AD57FB = {
						CreatedOnToolsVersion = 10.1;
					};
					D45687E8226FFE5E00AD57FB = {
						CreatedOnToolsVersion = 10.1;
						TestTargetID = D45687D4226FFE5800AD57FB;
					};
					D45687F3226FFE5E00AD57FB = {
						CreatedOnToolsVersion = 10.1;
						TestTargetID = D45687D4226FFE5800AD57FB;
					};
				};
			};
			buildConfigurationList = D45687D0226FFE5800AD57FB /* Build configuration list for PBXProject "CustomCells Demo" */;
			compatibilityVersion = "Xcode 9.3";
			developmentRegion = en;
			hasScannedForEncodings = 0;
			knownRegions = (
				en,
				Base,
			);
			mainGroup = D45687CC226FFE5800AD57FB;
			productRefGroup = D45687D6226FFE5800AD57FB /* Products */;
			projectDirPath = "";
			projectRoot = "";
			targets = (
				D45687D4226FFE5800AD57FB /* CustomCells Demo */,
				D45687E8226FFE5E00AD57FB /* CustomCells DemoTests */,
				D45687F3226FFE5E00AD57FB /* CustomCells DemoUITests */,
			);
		};
/* End PBXProject section */

/* Begin PBXResourcesBuildPhase section */
		D45687D3226FFE5800AD57FB /* Resources */ = {
			isa = PBXResourcesBuildPhase;
			buildActionMask = 2147483647;
			files = (
				D4568813226FFED200AD57FB /* MovieCell.xib in Resources */,
				D45687E3226FFE5E00AD57FB /* LaunchScreen.storyboard in Resources */,
				D45687E0226FFE5E00AD57FB /* Assets.xcassets in Resources */,
				D45687DE226FFE5800AD57FB /* Main.storyboard in Resources */,
			);
			runOnlyForDeploymentPostprocessing = 0;
		};
		D45687E7226FFE5E00AD57FB /* Resources */ = {
			isa = PBXResourcesBuildPhase;
			buildActionMask = 2147483647;
			files = (
				D4568814226FFED200AD57FB /* MovieCell.xib in Resources */,
			);
			runOnlyForDeploymentPostprocessing = 0;
		};
		D45687F2226FFE5E00AD57FB /* Resources */ = {
			isa = PBXResourcesBuildPhase;
			buildActionMask = 2147483647;
			files = (
				D4568815226FFED200AD57FB /* MovieCell.xib in Resources */,
			);
			runOnlyForDeploymentPostprocessing = 0;
		};
/* End PBXResourcesBuildPhase section */

/* Begin PBXSourcesBuildPhase section */
		D45687D1226FFE5800AD57FB /* Sources */ = {
			isa = PBXSourcesBuildPhase;
			buildActionMask = 2147483647;
			files = (
				D45687DB226FFE5800AD57FB /* ViewController.swift in Sources */,
				D4568808226FFEC800AD57FB /* MoviesDataSource.swift in Sources */,
				D4568810226FFED200AD57FB /* MovieCell.swift in Sources */,
				D4568817227000BA00AD57FB /* MovieListViewController.swift in Sources */,
				D456881B2270038A00AD57FB /* MovieCellWitOutXIB.swift in Sources */,
				D456880B226FFEC800AD57FB /* Movie.swift in Sources */,
				D45687D9226FFE5800AD57FB /* AppDelegate.swift in Sources */,
				D456881F22700CB200AD57FB /* Extension.swift in Sources */,
			);
			runOnlyForDeploymentPostprocessing = 0;
		};
		D45687E5226FFE5E00AD57FB /* Sources */ = {
			isa = PBXSourcesBuildPhase;
			buildActionMask = 2147483647;
			files = (
				D456881C2270038A00AD57FB /* MovieCellWitOutXIB.swift in Sources */,
				D4568811226FFED200AD57FB /* MovieCell.swift in Sources */,
				D456882022700CB200AD57FB /* Extension.swift in Sources */,
				D4568818227000BA00AD57FB /* MovieListViewController.swift in Sources */,
				D45687EE226FFE5E00AD57FB /* CustomCells_DemoTests.swift in Sources */,
				D4568809226FFEC800AD57FB /* MoviesDataSource.swift in Sources */,
				D456880C226FFEC800AD57FB /* Movie.swift in Sources */,
			);
			runOnlyForDeploymentPostprocessing = 0;
		};
		D45687F0226FFE5E00AD57FB /* Sources */ = {
			isa = PBXSourcesBuildPhase;
			buildActionMask = 2147483647;
			files = (
				D456881D2270038A00AD57FB /* MovieCellWitOutXIB.swift in Sources */,
				D4568812226FFED200AD57FB /* MovieCell.swift in Sources */,
				D456882122700CB200AD57FB /* Extension.swift in Sources */,
				D4568819227000BA00AD57FB /* MovieListViewController.swift in Sources */,
				D45687F9226FFE5E00AD57FB /* CustomCells_DemoUITests.swift in Sources */,
				D456880A226FFEC800AD57FB /* MoviesDataSource.swift in Sources */,
				D456880D226FFEC800AD57FB /* Movie.swift in Sources */,
			);
			runOnlyForDeploymentPostprocessing = 0;
		};
/* End PBXSourcesBuildPhase section */

/* Begin PBXTargetDependency section */
		D45687EB226FFE5E00AD57FB /* PBXTargetDependency */ = {
			isa = PBXTargetDependency;
			target = D45687D4226FFE5800AD57FB /* CustomCells Demo */;
			targetProxy = D45687EA226FFE5E00AD57FB /* PBXContainerItemProxy */;
		};
		D45687F6226FFE5E00AD57FB /* PBXTargetDependency */ = {
			isa = PBXTargetDependency;
			target = D45687D4226FFE5800AD57FB /* CustomCells Demo */;
			targetProxy = D45687F5226FFE5E00AD57FB /* PBXContainerItemProxy */;
		};
/* End PBXTargetDependency section */

/* Begin PBXVariantGroup section */
		D45687DC226FFE5800AD57FB /* Main.storyboard */ = {
			isa = PBXVariantGroup;
			children = (
				D45687DD226FFE5800AD57FB /* Base */,
			);
			name = Main.storyboard;
			sourceTree = "<group>";
		};
		D45687E1226FFE5E00AD57FB /* LaunchScreen.storyboard */ = {
			isa = PBXVariantGroup;
			children = (
				D45687E2226FFE5E00AD57FB /* Base */,
			);
			name = LaunchScreen.storyboard;
			sourceTree = "<group>";
		};
/* End PBXVariantGroup section */

/* Begin XCBuildConfiguration section */
		D45687FB226FFE5E00AD57FB /* Debug */ = {
			isa = XCBuildConfiguration;
			buildSettings = {
				ALWAYS_SEARCH_USER_PATHS = NO;
				CLANG_ANALYZER_NONNULL = YES;
				CLANG_ANALYZER_NUMBER_OBJECT_CONVERSION = YES_AGGRESSIVE;
				CLANG_CXX_LANGUAGE_STANDARD = "gnu++14";
				CLANG_CXX_LIBRARY = "libc++";
				CLANG_ENABLE_MODULES = YES;
				CLANG_ENABLE_OBJC_ARC = YES;
				CLANG_ENABLE_OBJC_WEAK = YES;
				CLANG_WARN_BLOCK_CAPTURE_AUTORELEASING = YES;
				CLANG_WARN_BOOL_CONVERSION = YES;
				CLANG_WARN_COMMA = YES;
				CLANG_WARN_CONSTANT_CONVERSION = YES;
				CLANG_WARN_DEPRECATED_OBJC_IMPLEMENTATIONS = YES;
				CLANG_WARN_DIRECT_OBJC_ISA_USAGE = YES_ERROR;
				CLANG_WARN_DOCUMENTATION_COMMENTS = YES;
				CLANG_WARN_EMPTY_BODY = YES;
				CLANG_WARN_ENUM_CONVERSION = YES;
				CLANG_WARN_INFINITE_RECURSION = YES;
				CLANG_WARN_INT_CONVERSION = YES;
				CLANG_WARN_NON_LITERAL_NULL_CONVERSION = YES;
				CLANG_WARN_OBJC_IMPLICIT_RETAIN_SELF = YES;
				CLANG_WARN_OBJC_LITERAL_CONVERSION = YES;
				CLANG_WARN_OBJC_ROOT_CLASS = YES_ERROR;
				CLANG_WARN_RANGE_LOOP_ANALYSIS = YES;
				CLANG_WARN_STRICT_PROTOTYPES = YES;
				CLANG_WARN_SUSPICIOUS_MOVE = YES;
				CLANG_WARN_UNGUARDED_AVAILABILITY = YES_AGGRESSIVE;
				CLANG_WARN_UNREACHABLE_CODE = YES;
				CLANG_WARN__DUPLICATE_METHOD_MATCH = YES;
				CODE_SIGN_IDENTITY = "iPhone Developer";
				COPY_PHASE_STRIP = NO;
				DEBUG_INFORMATION_FORMAT = dwarf;
				ENABLE_STRICT_OBJC_MSGSEND = YES;
				ENABLE_TESTABILITY = YES;
				GCC_C_LANGUAGE_STANDARD = gnu11;
				GCC_DYNAMIC_NO_PIC = NO;
				GCC_NO_COMMON_BLOCKS = YES;
				GCC_OPTIMIZATION_LEVEL = 0;
				GCC_PREPROCESSOR_DEFINITIONS = (
					"DEBUG=1",
					"$(inherited)",
				);
				GCC_WARN_64_TO_32_BIT_CONVERSION = YES;
				GCC_WARN_ABOUT_RETURN_TYPE = YES_ERROR;
				GCC_WARN_UNDECLARED_SELECTOR = YES;
				GCC_WARN_UNINITIALIZED_AUTOS = YES_AGGRESSIVE;
				GCC_WARN_UNUSED_FUNCTION = YES;
				GCC_WARN_UNUSED_VARIABLE = YES;
				IPHONEOS_DEPLOYMENT_TARGET = 9.0;
				MTL_ENABLE_DEBUG_INFO = INCLUDE_SOURCE;
				MTL_FAST_MATH = YES;
				ONLY_ACTIVE_ARCH = YES;
				SDKROOT = iphoneos;
				SWIFT_ACTIVE_COMPILATION_CONDITIONS = DEBUG;
				SWIFT_OPTIMIZATION_LEVEL = "-Onone";
			};
			name = Debug;
		};
		D45687FC226FFE5E00AD57FB /* Release */ = {
			isa = XCBuildConfiguration;
			buildSettings = {
				ALWAYS_SEARCH_USER_PATHS = NO;
				CLANG_ANALYZER_NONNULL = YES;
				CLANG_ANALYZER_NUMBER_OBJECT_CONVERSION = YES_AGGRESSIVE;
				CLANG_CXX_LANGUAGE_STANDARD = "gnu++14";
				CLANG_CXX_LIBRARY = "libc++";
				CLANG_ENABLE_MODULES = YES;
				CLANG_ENABLE_OBJC_ARC = YES;
				CLANG_ENABLE_OBJC_WEAK = YES;
				CLANG_WARN_BLOCK_CAPTURE_AUTORELEASING = YES;
				CLANG_WARN_BOOL_CONVERSION = YES;
				CLANG_WARN_COMMA = YES;
				CLANG_WARN_CONSTANT_CONVERSION = YES;
				CLANG_WARN_DEPRECATED_OBJC_IMPLEMENTATIONS = YES;
				CLANG_WARN_DIRECT_OBJC_ISA_USAGE = YES_ERROR;
				CLANG_WARN_DOCUMENTATION_COMMENTS = YES;
				CLANG_WARN_EMPTY_BODY = YES;
				CLANG_WARN_ENUM_CONVERSION = YES;
				CLANG_WARN_INFINITE_RECURSION = YES;
				CLANG_WARN_INT_CONVERSION = YES;
				CLANG_WARN_NON_LITERAL_NULL_CONVERSION = YES;
				CLANG_WARN_OBJC_IMPLICIT_RETAIN_SELF = YES;
				CLANG_WARN_OBJC_LITERAL_CONVERSION = YES;
				CLANG_WARN_OBJC_ROOT_CLASS = YES_ERROR;
				CLANG_WARN_RANGE_LOOP_ANALYSIS = YES;
				CLANG_WARN_STRICT_PROTOTYPES = YES;
				CLANG_WARN_SUSPICIOUS_MOVE = YES;
				CLANG_WARN_UNGUARDED_AVAILABILITY = YES_AGGRESSIVE;
				CLANG_WARN_UNREACHABLE_CODE = YES;
				CLANG_WARN__DUPLICATE_METHOD_MATCH = YES;
				CODE_SIGN_IDENTITY = "iPhone Developer";
				COPY_PHASE_STRIP = NO;
				DEBUG_INFORMATION_FORMAT = "dwarf-with-dsym";
				ENABLE_NS_ASSERTIONS = NO;
				ENABLE_STRICT_OBJC_MSGSEND = YES;
				GCC_C_LANGUAGE_STANDARD = gnu11;
				GCC_NO_COMMON_BLOCKS = YES;
				GCC_WARN_64_TO_32_BIT_CONVERSION = YES;
				GCC_WARN_ABOUT_RETURN_TYPE = YES_ERROR;
				GCC_WARN_UNDECLARED_SELECTOR = YES;
				GCC_WARN_UNINITIALIZED_AUTOS = YES_AGGRESSIVE;
				GCC_WARN_UNUSED_FUNCTION = YES;
				GCC_WARN_UNUSED_VARIABLE = YES;
				IPHONEOS_DEPLOYMENT_TARGET = 9.0;
				MTL_ENABLE_DEBUG_INFO = NO;
				MTL_FAST_MATH = YES;
				SDKROOT = iphoneos;
				SWIFT_COMPILATION_MODE = wholemodule;
				SWIFT_OPTIMIZATION_LEVEL = "-O";
				VALIDATE_PRODUCT = YES;
			};
			name = Release;
		};
		D45687FE226FFE5E00AD57FB /* Debug */ = {
			isa = XCBuildConfiguration;
			buildSettings = {
				ASSETCATALOG_COMPILER_APPICON_NAME = AppIcon;
				CODE_SIGN_STYLE = Automatic;
				INFOPLIST_FILE = "CustomCells Demo/Info.plist";
				IPHONEOS_DEPLOYMENT_TARGET = 9.0;
				LD_RUNPATH_SEARCH_PATHS = (
					"$(inherited)",
					"@executable_path/Frameworks",
				);
				PRODUCT_BUNDLE_IDENTIFIER = "com.pk.CustomCells-Demo";
				PRODUCT_NAME = "$(TARGET_NAME)";
				SWIFT_VERSION = 5.0;
				TARGETED_DEVICE_FAMILY = "1,2";
			};
			name = Debug;
		};
		D45687FF226FFE5E00AD57FB /* Release */ = {
			isa = XCBuildConfiguration;
			buildSettings = {
				ASSETCATALOG_COMPILER_APPICON_NAME = AppIcon;
				CODE_SIGN_STYLE = Automatic;
				INFOPLIST_FILE = "CustomCells Demo/Info.plist";
				IPHONEOS_DEPLOYMENT_TARGET = 9.0;
				LD_RUNPATH_SEARCH_PATHS = (
					"$(inherited)",
					"@executable_path/Frameworks",
				);
				PRODUCT_BUNDLE_IDENTIFIER = "com.pk.CustomCells-Demo";
				PRODUCT_NAME = "$(TARGET_NAME)";
				SWIFT_VERSION = 5.0;
				TARGETED_DEVICE_FAMILY = "1,2";
			};
			name = Release;
		};
		D4568801226FFE5E00AD57FB /* Debug */ = {
			isa = XCBuildConfiguration;
			buildSettings = {
				ALWAYS_EMBED_SWIFT_STANDARD_LIBRARIES = YES;
				BUNDLE_LOADER = "$(TEST_HOST)";
				CODE_SIGN_STYLE = Automatic;
				INFOPLIST_FILE = "CustomCells DemoTests/Info.plist";
				LD_RUNPATH_SEARCH_PATHS = (
					"$(inherited)",
					"@executable_path/Frameworks",
					"@loader_path/Frameworks",
				);
				PRODUCT_BUNDLE_IDENTIFIER = "com.pk.CustomCells-DemoTests";
				PRODUCT_NAME = "$(TARGET_NAME)";
				SWIFT_VERSION = 4.2;
				TARGETED_DEVICE_FAMILY = "1,2";
				TEST_HOST = "$(BUILT_PRODUCTS_DIR)/CustomCells Demo.app/CustomCells Demo";
			};
			name = Debug;
		};
		D4568802226FFE5E00AD57FB /* Release */ = {
			isa = XCBuildConfiguration;
			buildSettings = {
				ALWAYS_EMBED_SWIFT_STANDARD_LIBRARIES = YES;
				BUNDLE_LOADER = "$(TEST_HOST)";
				CODE_SIGN_STYLE = Automatic;
				INFOPLIST_FILE = "CustomCells DemoTests/Info.plist";
				LD_RUNPATH_SEARCH_PATHS = (
					"$(inherited)",
					"@executable_path/Frameworks",
					"@loader_path/Frameworks",
				);
				PRODUCT_BUNDLE_IDENTIFIER = "com.pk.CustomCells-DemoTests";
				PRODUCT_NAME = "$(TARGET_NAME)";
				SWIFT_VERSION = 4.2;
				TARGETED_DEVICE_FAMILY = "1,2";
				TEST_HOST = "$(BUILT_PRODUCTS_DIR)/CustomCells Demo.app/CustomCells Demo";
			};
			name = Release;
		};
		D4568804226FFE5E00AD57FB /* Debug */ = {
			isa = XCBuildConfiguration;
			buildSettings = {
				ALWAYS_EMBED_SWIFT_STANDARD_LIBRARIES = YES;
				CODE_SIGN_STYLE = Automatic;
				INFOPLIST_FILE = "CustomCells DemoUITests/Info.plist";
				LD_RUNPATH_SEARCH_PATHS = (
					"$(inherited)",
					"@executable_path/Frameworks",
					"@loader_path/Frameworks",
				);
				PRODUCT_BUNDLE_IDENTIFIER = "com.pk.CustomCells-DemoUITests";
				PRODUCT_NAME = "$(TARGET_NAME)";
				SWIFT_VERSION = 4.2;
				TARGETED_DEVICE_FAMILY = "1,2";
				TEST_TARGET_NAME = "CustomCells Demo";
			};
			name = Debug;
		};
		D4568805226FFE5E00AD57FB /* Release */ = {
			isa = XCBuildConfiguration;
			buildSettings = {
				ALWAYS_EMBED_SWIFT_STANDARD_LIBRARIES = YES;
				CODE_SIGN_STYLE = Automatic;
				INFOPLIST_FILE = "CustomCells DemoUITests/Info.plist";
				LD_RUNPATH_SEARCH_PATHS = (
					"$(inherited)",
					"@executable_path/Frameworks",
					"@loader_path/Frameworks",
				);
				PRODUCT_BUNDLE_IDENTIFIER = "com.pk.CustomCells-DemoUITests";
				PRODUCT_NAME = "$(TARGET_NAME)";
				SWIFT_VERSION = 4.2;
				TARGETED_DEVICE_FAMILY = "1,2";
				TEST_TARGET_NAME = "CustomCells Demo";
			};
			name = Release;
		};
/* End XCBuildConfiguration section */

/* Begin XCConfigurationList section */
		D45687D0226FFE5800AD57FB /* Build configuration list for PBXProject "CustomCells Demo" */ = {
			isa = XCConfigurationList;
			buildConfigurations = (
				D45687FB226FFE5E00AD57FB /* Debug */,
				D45687FC226FFE5E00AD57FB /* Release */,
			);
			defaultConfigurationIsVisible = 0;
			defaultConfigurationName = Release;
		};
		D45687FD226FFE5E00AD57FB /* Build configuration list for PBXNativeTarget "CustomCells Demo" */ = {
			isa = XCConfigurationList;
			buildConfigurations = (
				D45687FE226FFE5E00AD57FB /* Debug */,
				D45687FF226FFE5E00AD57FB /* Release */,
			);
			defaultConfigurationIsVisible = 0;
			defaultConfigurationName = Release;
		};
		D4568800226FFE5E00AD57FB /* Build configuration list for PBXNativeTarget "CustomCells DemoTests" */ = {
			isa = XCConfigurationList;
			buildConfigurations = (
				D4568801226FFE5E00AD57FB /* Debug */,
				D4568802226FFE5E00AD57FB /* Release */,
			);
			defaultConfigurationIsVisible = 0;
			defaultConfigurationName = Release;
		};
		D4568803226FFE5E00AD57FB /* Build configuration list for PBXNativeTarget "CustomCells DemoUITests" */ = {
			isa = XCConfigurationList;
			buildConfigurations = (
				D4568804226FFE5E00AD57FB /* Debug */,
				D4568805226FFE5E00AD57FB /* Release */,
			);
			defaultConfigurationIsVisible = 0;
			defaultConfigurationName = Release;
		};
/* End XCConfigurationList section */
	};
	rootObject = D45687CD226FFE5800AD57FB /* Project object */;
}
